<?xml version="1.0" encoding="utf-8"?>
<Project ToolsVersion="4.0" xmlns="http://schemas.microsoft.com/developer/msbuild/2003">
  <ItemGroup>
    <ClCompile Include="src\main.cpp" />
    <ClCompile Include="src\sdl_window.cpp" />
    <ClCompile Include="src\editor.cpp" />
    <ClCompile Include="src\windows\imgui_resources.cpp">
      <Filter>windows</Filter>
    </ClCompile>
    <ClCompile Include="src\windows\imgui_resource_editor.cpp" />
    <ClCompile Include="src\windows\imgui_execution.cpp" />
    <ClCompile Include="src\windows\imgui_renderpass.cpp" />
    <ClCompile Include="src\windows\nodes\base_node.cpp" />
    <ClCompile Include="src\windows\imgui_graph_window.cpp" />
    <ClCompile Include="src\metaresources\renderpass.cpp" />
    <ClCompile Include="src\windows\nodes\renderpass_nodes.cpp" />
    <ClCompile Include="src\windows\nodes\execution_nodes.cpp" />
    <ClCompile Include="src\metaresources\execution.cpp" />
  </ItemGroup>
  <ItemGroup>
    <ClInclude Include="src\sdl_window.hpp" />
    <ClInclude Include="src\editor.hpp" />
    <ClInclude Include="src\windows\imgui_resources.hpp">
      <Filter>windows</Filter>
    </ClInclude>
    <ClInclude Include="src\windows\imgui_editor_window.hpp">
      <Filter>windows</Filter>
    </ClInclude>
    <ClInclude Include="src\windows\imgui_resource_editor.hpp" />
    <ClInclude Include="src\windows\imgui_execution.hpp" />
    <ClInclude Include="src\windows\imgui_renderpass.hpp" />
    <ClInclude Include="src\windows\nodes\base_node.hpp" />
    <ClInclude Include="src\windows\imgui_graph_window.hpp" />
    <ClInclude Include="src\metaresources\renderpass.hpp" />
    <ClInclude Include="src\metaresources\graph.hpp" />
    <ClInclude Include="src\windows\nodes\renderpass_nodes.hpp" />
    <ClInclude Include="src\windows\nodes\execution_nodes.hpp" />
    <ClInclude Include="src\metaresources\execution.hpp" />
  </ItemGroup>
  <ItemGroup>
    <Filter Include="windows">
      <UniqueIdentifier>{c23aa838-ae25-4b2f-964b-0069ed0147ef}</UniqueIdentifier>
    </Filter>
    <Filter Include="nodes">
      <UniqueIdentifier>{32c695b7-dba5-4d2f-9409-ba6e2a121857}</UniqueIdentifier>
    </Filter>
  </ItemGroup>
  <ItemGroup>
    <None Include="assets\_shaders\depth.vert" />
    <None Include="assets\_shaders\color.frag" />
    <None Include="assets\_shaders\color.vert" />
  </ItemGroup>
</Project>